
Microsoft Visual Studio Solution File, Format Version 12.00
# Visual Studio Version 17
VisualStudioVersion = 17.0.31903.59
MinimumVisualStudioVersion = 10.0.40219.1
Project("{2150E333-8FDC-42A3-9474-1A3956D46DE8}") = "src", "src", "{827E0CD3-B72D-47B6-A68D-7590B98EB39B}"
EndProject
Project("{FAE04EC0-301F-11D3-BF4B-00C04F79EFBC}") = "Common", "src\Common\Common.csproj", "{5F119E4F-27B6-4218-88FD-651333C1F439}"
EndProject
Project("{FAE04EC0-301F-11D3-BF4B-00C04F79EFBC}") = "GuardiansOfTheCode", "src\GuardiansOfTheCode\GuardiansOfTheCode.csproj", "{46F3EE32-7FB9-4291-9C54-EEBDB6AFC245}"
EndProject
Project("{FAE04EC0-301F-11D3-BF4B-00C04F79EFBC}") = "Api", "src\Api\Api.csproj", "{90CBFD9C-5512-4629-BC24-46091C208116}"
EndProject
Project("{FAE04EC0-301F-11D3-BF4B-00C04F79EFBC}") = "SpaceWeapons", "src\SpaceWeapons\SpaceWeapons.csproj", "{3FA9E101-D3B5-4EBD-8629-A0F3C6EB8C5C}"
EndProject
Global
	GlobalSection(SolutionConfigurationPlatforms) = preSolution
		Debug|Any CPU = Debug|Any CPU
		Debug|x64 = Debug|x64
		Debug|x86 = Debug|x86
		Release|Any CPU = Release|Any CPU
		Release|x64 = Release|x64
		Release|x86 = Release|x86
	EndGlobalSection
	GlobalSection(ProjectConfigurationPlatforms) = postSolution
		{5F119E4F-27B6-4218-88FD-651333C1F439}.Debug|Any CPU.ActiveCfg = Debug|Any CPU
		{5F119E4F-27B6-4218-88FD-651333C1F439}.Debug|Any CPU.Build.0 = Debug|Any CPU
		{5F119E4F-27B6-4218-88FD-651333C1F439}.Debug|x64.ActiveCfg = Debug|Any CPU
		{5F119E4F-27B6-4218-88FD-651333C1F439}.Debug|x64.Build.0 = Debug|Any CPU
		{5F119E4F-27B6-4218-88FD-651333C1F439}.Debug|x86.ActiveCfg = Debug|Any CPU
		{5F119E4F-27B6-4218-88FD-651333C1F439}.Debug|x86.Build.0 = Debug|Any CPU
		{5F119E4F-27B6-4218-88FD-651333C1F439}.Release|Any CPU.ActiveCfg = Release|Any CPU
		{5F119E4F-27B6-4218-88FD-651333C1F439}.Release|Any CPU.Build.0 = Release|Any CPU
		{5F119E4F-27B6-4218-88FD-651333C1F439}.Release|x64.ActiveCfg = Release|Any CPU
		{5F119E4F-27B6-4218-88FD-651333C1F439}.Release|x64.Build.0 = Release|Any CPU
		{5F119E4F-27B6-4218-88FD-651333C1F439}.Release|x86.ActiveCfg = Release|Any CPU
		{5F119E4F-27B6-4218-88FD-651333C1F439}.Release|x86.Build.0 = Release|Any CPU
		{46F3EE32-7FB9-4291-9C54-EEBDB6AFC245}.Debug|Any CPU.ActiveCfg = Debug|Any CPU
		{46F3EE32-7FB9-4291-9C54-EEBDB6AFC245}.Debug|Any CPU.Build.0 = Debug|Any CPU
		{46F3EE32-7FB9-4291-9C54-EEBDB6AFC245}.Debug|x64.ActiveCfg = Debug|Any CPU
		{46F3EE32-7FB9-4291-9C54-EEBDB6AFC245}.Debug|x64.Build.0 = Debug|Any CPU
		{46F3EE32-7FB9-4291-9C54-EEBDB6AFC245}.Debug|x86.ActiveCfg = Debug|Any CPU
		{46F3EE32-7FB9-4291-9C54-EEBDB6AFC245}.Debug|x86.Build.0 = Debug|Any CPU
		{46F3EE32-7FB9-4291-9C54-EEBDB6AFC245}.Release|Any CPU.ActiveCfg = Release|Any CPU
		{46F3EE32-7FB9-4291-9C54-EEBDB6AFC245}.Release|Any CPU.Build.0 = Release|Any CPU
		{46F3EE32-7FB9-4291-9C54-EEBDB6AFC245}.Release|x64.ActiveCfg = Release|Any CPU
		{46F3EE32-7FB9-4291-9C54-EEBDB6AFC245}.Release|x64.Build.0 = Release|Any CPU
		{46F3EE32-7FB9-4291-9C54-EEBDB6AFC245}.Release|x86.ActiveCfg = Release|Any CPU
		{46F3EE32-7FB9-4291-9C54-EEBDB6AFC245}.Release|x86.Build.0 = Release|Any CPU
		{90CBFD9C-5512-4629-BC24-46091C208116}.Debug|Any CPU.ActiveCfg = Debug|Any CPU
		{90CBFD9C-5512-4629-BC24-46091C208116}.Debug|Any CPU.Build.0 = Debug|Any CPU
		{90CBFD9C-5512-4629-BC24-46091C208116}.Debug|x64.ActiveCfg = Debug|Any CPU
		{90CBFD9C-5512-4629-BC24-46091C208116}.Debug|x64.Build.0 = Debug|Any CPU
		{90CBFD9C-5512-4629-BC24-46091C208116}.Debug|x86.ActiveCfg = Debug|Any CPU
		{90CBFD9C-5512-4629-BC24-46091C208116}.Debug|x86.Build.0 = Debug|Any CPU
		{90CBFD9C-5512-4629-BC24-46091C208116}.Release|Any CPU.ActiveCfg = Release|Any CPU
		{90CBFD9C-5512-4629-BC24-46091C208116}.Release|Any CPU.Build.0 = Release|Any CPU
		{90CBFD9C-5512-4629-BC24-46091C208116}.Release|x64.ActiveCfg = Release|Any CPU
		{90CBFD9C-5512-4629-BC24-46091C208116}.Release|x64.Build.0 = Release|Any CPU
		{90CBFD9C-5512-4629-BC24-46091C208116}.Release|x86.ActiveCfg = Release|Any CPU
		{90CBFD9C-5512-4629-BC24-46091C208116}.Release|x86.Build.0 = Release|Any CPU
		{3FA9E101-D3B5-4EBD-8629-A0F3C6EB8C5C}.Debug|Any CPU.ActiveCfg = Debug|Any CPU
		{3FA9E101-D3B5-4EBD-8629-A0F3C6EB8C5C}.Debug|Any CPU.Build.0 = Debug|Any CPU
		{3FA9E101-D3B5-4EBD-8629-A0F3C6EB8C5C}.Debug|x64.ActiveCfg = Debug|Any CPU
		{3FA9E101-D3B5-4EBD-8629-A0F3C6EB8C5C}.Debug|x64.Build.0 = Debug|Any CPU
		{3FA9E101-D3B5-4EBD-8629-A0F3C6EB8C5C}.Debug|x86.ActiveCfg = Debug|Any CPU
		{3FA9E101-D3B5-4EBD-8629-A0F3C6EB8C5C}.Debug|x86.Build.0 = Debug|Any CPU
		{3FA9E101-D3B5-4EBD-8629-A0F3C6EB8C5C}.Release|Any CPU.ActiveCfg = Release|Any CPU
		{3FA9E101-D3B5-4EBD-8629-A0F3C6EB8C5C}.Release|Any CPU.Build.0 = Release|Any CPU
		{3FA9E101-D3B5-4EBD-8629-A0F3C6EB8C5C}.Release|x64.ActiveCfg = Release|Any CPU
		{3FA9E101-D3B5-4EBD-8629-A0F3C6EB8C5C}.Release|x64.Build.0 = Release|Any CPU
		{3FA9E101-D3B5-4EBD-8629-A0F3C6EB8C5C}.Release|x86.ActiveCfg = Release|Any CPU
		{3FA9E101-D3B5-4EBD-8629-A0F3C6EB8C5C}.Release|x86.Build.0 = Release|Any CPU
	EndGlobalSection
	GlobalSection(SolutionProperties) = preSolution
		HideSolutionNode = FALSE
	EndGlobalSection
	GlobalSection(NestedProjects) = preSolution
		{5F119E4F-27B6-4218-88FD-651333C1F439} = {827E0CD3-B72D-47B6-A68D-7590B98EB39B}
		{46F3EE32-7FB9-4291-9C54-EEBDB6AFC245} = {827E0CD3-B72D-47B6-A68D-7590B98EB39B}
		{90CBFD9C-5512-4629-BC24-46091C208116} = {827E0CD3-B72D-47B6-A68D-7590B98EB39B}
		{3FA9E101-D3B5-4EBD-8629-A0F3C6EB8C5C} = {827E0CD3-B72D-47B6-A68D-7590B98EB39B}
	EndGlobalSection
EndGlobal
